PATH
  remote: .
  specs:
    rubylens (0.2.1)
      base64 (>= 0.2)
      rubydex (= 0.4.0)

GEM
  remote: https://rubygems.org/
  specs:
    base64 (0.3.0)
    drb (2.2.3)
    minitest (6.0.6)
      drb (~> 2.0)
      prism (~> 1.5)
    mocha (3.1.0)
      ruby2_keywords (>= 0.0.5)
    prism (1.9.0)
    rake (13.4.2)
    ruby2_keywords (0.0.5)
    rubydex (0.4.0)
    rubydex (0.4.0-aarch64-linux)
    rubydex (0.4.0-arm64-darwin)
    rubydex (0.4.0-x86_64-darwin)
    rubydex (0.4.0-x86_64-linux)

PLATFORMS
  aarch64-linux
  arm64-darwin
  ruby
  x86_64-darwin
  x86_64-linux

DEPENDENCIES
  minitest (~> 6.0)
  mocha (~> 3.1)
  rake (~> 13.3)
  rubylens!

CHECKSUMS
  base64 (0.3.0) sha256=27337aeabad6ffae05c265c450490628ef3ebd4b67be58257393227588f5a97b
  drb (2.2.3) sha256=0b00d6fdb50995fe4a45dea13663493c841112e4068656854646f418fda13373
  minitest (6.0.6) sha256=153ea36d1d987a62942382b61075745042a2b3123b1cd48f4c3675af9cc7d6f1
  mocha (3.1.0) sha256=75f42d69ebfb1f10b32489dff8f8431d37a418120ecdfc07afe3bc183d4e1d56
  prism (1.9.0) sha256=7b530c6a9f92c24300014919c9dcbc055bf4cdf51ec30aed099b06cd6674ef85
  rake (13.4.2) sha256=cb825b2bd5f1f8e91ca37bddb4b9aaf345551b4731da62949be002fa89283701
  ruby2_keywords (0.0.5) sha256=ffd13740c573b7301cf7a2e61fc857b2a8e3d3aff32545d6f8300d8bae10e3ef
  rubydex (0.4.0) sha256=4b9c9d3aad5a7134ae0ac53183a9dda3874ea99b4b293c0f21cfb103bd283c11
  rubydex (0.4.0-aarch64-linux) sha256=fab1f9cbb3301d2f3682f29165d9714aca5456fb3d70616b3676e3302af29709
  rubydex (0.4.0-arm64-darwin) sha256=badbb7d1a7cfc03f1f7ce9fdc5ee414c729812c4b2eaa2bfe7da80d9a3a8b4b6
  rubydex (0.4.0-x86_64-darwin) sha256=173bfdad227f4f53aaaab5cdf75d4ebd39c4532a8e7a568b3d8530317a273c3a
  rubydex (0.4.0-x86_64-linux) sha256=75a4e1c6c4691ff815aee820dd26fb080f8053430a0ad248dd9b3125d621df86
  rubylens (0.2.1)

BUNDLED WITH
  4.0.10
